
Microsoft Visual Studio Solution File, Format Version 12.00
# Visual Studio 14
VisualStudioVersion = 14.0.25123.0
MinimumVisualStudioVersion = 10.0.40219.1
Project("{FAE04EC0-301F-11D3-BF4B-00C04F79EFBC}") = "Build", "Build\Build.csproj", "{63694381-D12C-45C4-AE52-7A582047F20D}"
EndProject
Project("{FAE04EC0-301F-11D3-BF4B-00C04F79EFBC}") = "ClassLibrary", "ClassLibrary\ClassLibrary.csproj", "{42423D49-DFD5-4F08-A03F-C1D337D9767D}"
EndProject
Project("{FAE04EC0-301F-11D3-BF4B-00C04F79EFBC}") = "ConsoleApplication", "ConsoleApplication\ConsoleApplication.csproj", "{A876F7A2-34EE-4FC4-BD75-2AB273E1B75D}"
EndProject
Project("{FAE04EC0-301F-11D3-BF4B-00C04F79EFBC}") = "WebApplication", "WebApplication\WebApplication.csproj", "{C2C06672-4421-4279-B9B7-EE20A6170F15}"
EndProject
Project("{FAE04EC0-301F-11D3-BF4B-00C04F79EFBC}") = "WebApplication.Tests", "WebApplication.Tests\WebApplication.Tests.csproj", "{D923CB0E-1B4D-4D7D-B3EB-085E11C717CC}"
EndProject
Project("{FAE04EC0-301F-11D3-BF4B-00C04F79EFBC}") = "WebApplication.XUnitTests", "WebApplication.XUnitTests\WebApplication.XUnitTests.csproj", "{30F9E12C-ADCC-412A-94E9-F4D926F2BF56}"
EndProject
Project("{FAE04EC0-301F-11D3-BF4B-00C04F79EFBC}") = "WebApplication.NUnitTests", "WebApplication.NUnitTests\WebApplication.NUnitTests.csproj", "{DD77DA5A-44EB-4227-8EC2-8E6E4CA63353}"
EndProject
Global
	GlobalSection(SolutionConfigurationPlatforms) = preSolution
		Debug|Any CPU = Debug|Any CPU
		Release|Any CPU = Release|Any CPU
	EndGlobalSection
	GlobalSection(ProjectConfigurationPlatforms) = postSolution
		{63694381-D12C-45C4-AE52-7A582047F20D}.Debug|Any CPU.ActiveCfg = Debug|Any CPU
		{63694381-D12C-45C4-AE52-7A582047F20D}.Release|Any CPU.ActiveCfg = Release|Any CPU
		{42423D49-DFD5-4F08-A03F-C1D337D9767D}.Debug|Any CPU.ActiveCfg = Debug|Any CPU
		{42423D49-DFD5-4F08-A03F-C1D337D9767D}.Debug|Any CPU.Build.0 = Debug|Any CPU
		{42423D49-DFD5-4F08-A03F-C1D337D9767D}.Release|Any CPU.ActiveCfg = Release|Any CPU
		{42423D49-DFD5-4F08-A03F-C1D337D9767D}.Release|Any CPU.Build.0 = Release|Any CPU
		{A876F7A2-34EE-4FC4-BD75-2AB273E1B75D}.Debug|Any CPU.ActiveCfg = Debug|Any CPU
		{A876F7A2-34EE-4FC4-BD75-2AB273E1B75D}.Debug|Any CPU.Build.0 = Debug|Any CPU
		{A876F7A2-34EE-4FC4-BD75-2AB273E1B75D}.Release|Any CPU.ActiveCfg = Release|Any CPU
		{A876F7A2-34EE-4FC4-BD75-2AB273E1B75D}.Release|Any CPU.Build.0 = Release|Any CPU
		{C2C06672-4421-4279-B9B7-EE20A6170F15}.Debug|Any CPU.ActiveCfg = Debug|Any CPU
		{C2C06672-4421-4279-B9B7-EE20A6170F15}.Debug|Any CPU.Build.0 = Debug|Any CPU
		{C2C06672-4421-4279-B9B7-EE20A6170F15}.Release|Any CPU.ActiveCfg = Release|Any CPU
		{C2C06672-4421-4279-B9B7-EE20A6170F15}.Release|Any CPU.Build.0 = Release|Any CPU
		{D923CB0E-1B4D-4D7D-B3EB-085E11C717CC}.Debug|Any CPU.ActiveCfg = Debug|Any CPU
		{D923CB0E-1B4D-4D7D-B3EB-085E11C717CC}.Debug|Any CPU.Build.0 = Debug|Any CPU
		{D923CB0E-1B4D-4D7D-B3EB-085E11C717CC}.Release|Any CPU.ActiveCfg = Release|Any CPU
		{D923CB0E-1B4D-4D7D-B3EB-085E11C717CC}.Release|Any CPU.Build.0 = Release|Any CPU
		{30F9E12C-ADCC-412A-94E9-F4D926F2BF56}.Debug|Any CPU.ActiveCfg = Debug|Any CPU
		{30F9E12C-ADCC-412A-94E9-F4D926F2BF56}.Debug|Any CPU.Build.0 = Debug|Any CPU
		{30F9E12C-ADCC-412A-94E9-F4D926F2BF56}.Release|Any CPU.ActiveCfg = Release|Any CPU
		{30F9E12C-ADCC-412A-94E9-F4D926F2BF56}.Release|Any CPU.Build.0 = Release|Any CPU
		{DD77DA5A-44EB-4227-8EC2-8E6E4CA63353}.Debug|Any CPU.ActiveCfg = Debug|Any CPU
		{DD77DA5A-44EB-4227-8EC2-8E6E4CA63353}.Debug|Any CPU.Build.0 = Debug|Any CPU
		{DD77DA5A-44EB-4227-8EC2-8E6E4CA63353}.Release|Any CPU.ActiveCfg = Release|Any CPU
		{DD77DA5A-44EB-4227-8EC2-8E6E4CA63353}.Release|Any CPU.Build.0 = Release|Any CPU
	EndGlobalSection
	GlobalSection(SolutionProperties) = preSolution
		HideSolutionNode = FALSE
	EndGlobalSection
EndGlobal
